
Microsoft Visual Studio Solution File, Format Version 12.00
# Visual Studio Version 17
VisualStudioVersion = 17.11.35208.52
MinimumVisualStudioVersion = 10.0.40219.1
Project("{FAE04EC0-301F-11D3-BF4B-00C04F79EFBC}") = "Petsica.API", "Petsica.API.csproj", "{3490EE4F-8711-438C-A0B4-AD94049D9E7A}"
EndProject
Project("{FAE04EC0-301F-11D3-BF4B-00C04F79EFBC}") = "Petsica.Core", "..\Petsica.Core\Petsica.Core.csproj", "{64031A59-7FB3-45B0-AAD2-705F068B4B5B}"
EndProject
Project("{FAE04EC0-301F-11D3-BF4B-00C04F79EFBC}") = "Petsica.Service", "..\Petsica.Service\Petsica.Service.csproj", "{AAD55338-23A1-4DD5-9FD5-B3ECFA3D42A7}"
EndProject
Project("{FAE04EC0-301F-11D3-BF4B-00C04F79EFBC}") = "Petsica.Infrastructure", "..\Petsica.Infrastructure\Petsica.Infrastructure.csproj", "{6D2EE552-AFF2-4063-973A-3494ECC05570}"
EndProject
Project("{FAE04EC0-301F-11D3-BF4B-00C04F79EFBC}") = "Petsica.Shared", "..\Petsica.Shared\Petsica.Shared.csproj", "{809FC749-07C2-4C82-A44D-7C2C7CBBACE1}"
EndProject
Global
	GlobalSection(SolutionConfigurationPlatforms) = preSolution
		Debug|Any CPU = Debug|Any CPU
		Release|Any CPU = Release|Any CPU
	EndGlobalSection
	GlobalSection(ProjectConfigurationPlatforms) = postSolution
		{3490EE4F-8711-438C-A0B4-AD94049D9E7A}.Debug|Any CPU.ActiveCfg = Debug|Any CPU
		{3490EE4F-8711-438C-A0B4-AD94049D9E7A}.Debug|Any CPU.Build.0 = Debug|Any CPU
		{3490EE4F-8711-438C-A0B4-AD94049D9E7A}.Release|Any CPU.ActiveCfg = Release|Any CPU
		{3490EE4F-8711-438C-A0B4-AD94049D9E7A}.Release|Any CPU.Build.0 = Release|Any CPU
		{64031A59-7FB3-45B0-AAD2-705F068B4B5B}.Debug|Any CPU.ActiveCfg = Debug|Any CPU
		{64031A59-7FB3-45B0-AAD2-705F068B4B5B}.Debug|Any CPU.Build.0 = Debug|Any CPU
		{64031A59-7FB3-45B0-AAD2-705F068B4B5B}.Release|Any CPU.ActiveCfg = Release|Any CPU
		{64031A59-7FB3-45B0-AAD2-705F068B4B5B}.Release|Any CPU.Build.0 = Release|Any CPU
		{AAD55338-23A1-4DD5-9FD5-B3ECFA3D42A7}.Debug|Any CPU.ActiveCfg = Debug|Any CPU
		{AAD55338-23A1-4DD5-9FD5-B3ECFA3D42A7}.Debug|Any CPU.Build.0 = Debug|Any CPU
		{AAD55338-23A1-4DD5-9FD5-B3ECFA3D42A7}.Release|Any CPU.ActiveCfg = Release|Any CPU
		{AAD55338-23A1-4DD5-9FD5-B3ECFA3D42A7}.Release|Any CPU.Build.0 = Release|Any CPU
		{6D2EE552-AFF2-4063-973A-3494ECC05570}.Debug|Any CPU.ActiveCfg = Debug|Any CPU
		{6D2EE552-AFF2-4063-973A-3494ECC05570}.Debug|Any CPU.Build.0 = Debug|Any CPU
		{6D2EE552-AFF2-4063-973A-3494ECC05570}.Release|Any CPU.ActiveCfg = Release|Any CPU
		{6D2EE552-AFF2-4063-973A-3494ECC05570}.Release|Any CPU.Build.0 = Release|Any CPU
		{809FC749-07C2-4C82-A44D-7C2C7CBBACE1}.Debug|Any CPU.ActiveCfg = Debug|Any CPU
		{809FC749-07C2-4C82-A44D-7C2C7CBBACE1}.Debug|Any CPU.Build.0 = Debug|Any CPU
		{809FC749-07C2-4C82-A44D-7C2C7CBBACE1}.Release|Any CPU.ActiveCfg = Release|Any CPU
		{809FC749-07C2-4C82-A44D-7C2C7CBBACE1}.Release|Any CPU.Build.0 = Release|Any CPU
	EndGlobalSection
	GlobalSection(SolutionProperties) = preSolution
		HideSolutionNode = FALSE
	EndGlobalSection
	GlobalSection(ExtensibilityGlobals) = postSolution
		SolutionGuid = {1AF7FC3A-ED0F-4015-B482-A6100E671CB2}
	EndGlobalSection
EndGlobal
